// !$*UTF8*$!
{
	archiveVersion = 1;
	classes = {
	};
	objectVersion = 56;
	objects = {

/* Begin PBXBuildFile section */
		CE05B56C2C1B28F200A3B97D /* AppDelegate.swift in Sources */ = {isa = PBXBuildFile; fileRef = CE05B56B2C1B28F200A3B97D /* AppDelegate.swift */; };
		CE05B56E2C1B28F200A3B97D /* SceneDelegate.swift in Sources */ = {isa = PBXBuildFile; fileRef = CE05B56D2C1B28F200A3B97D /* SceneDelegate.swift */; };
		CE05B5752C1B28F500A3B97D /* Assets.xcassets in Resources */ = {isa = PBXBuildFile; fileRef = CE05B5742C1B28F500A3B97D /* Assets.xcassets */; };
		CE05B5782C1B28F500A3B97D /* LaunchScreen.storyboard in Resources */ = {isa = PBXBuildFile; fileRef = CE05B5762C1B28F500A3B97D /* LaunchScreen.storyboard */; };
		CE08E7AA2C200D9A008B3911 /* MainTabBar.swift in Sources */ = {isa = PBXBuildFile; fileRef = CE08E7A92C200D9A008B3911 /* MainTabBar.swift */; };
		CE08E7AD2C201501008B3911 /* SnapKit in Frameworks */ = {isa = PBXBuildFile; productRef = CE08E7AC2C201501008B3911 /* SnapKit */; };
		CE08E7AF2C201CFE008B3911 /* MainTabBarController.swift in Sources */ = {isa = PBXBuildFile; fileRef = CE08E7AE2C201CFE008B3911 /* MainTabBarController.swift */; };
		CE08E7B12C20202A008B3911 /* HomeView.swift in Sources */ = {isa = PBXBuildFile; fileRef = CE08E7B02C20202A008B3911 /* HomeView.swift */; };
		CE08E7B32C2020B0008B3911 /* ExpendsAddView.swift in Sources */ = {isa = PBXBuildFile; fileRef = CE08E7B22C2020B0008B3911 /* ExpendsAddView.swift */; };
		CE08E7B52C2020ED008B3911 /* ProfileView.swift in Sources */ = {isa = PBXBuildFile; fileRef = CE08E7B42C2020ED008B3911 /* ProfileView.swift */; };
		CE08E7C52C2076E4008B3911 /* SettingsView.swift in Sources */ = {isa = PBXBuildFile; fileRef = CE08E7C42C2076E4008B3911 /* SettingsView.swift */; };
		CE08E7C72C20770A008B3911 /* SettingsController.swift in Sources */ = {isa = PBXBuildFile; fileRef = CE08E7C62C20770A008B3911 /* SettingsController.swift */; };
		CE08E7C92C207BD0008B3911 /* SettingsModel.swift in Sources */ = {isa = PBXBuildFile; fileRef = CE08E7C82C207BD0008B3911 /* SettingsModel.swift */; };
		CE08E7CB2C207F2F008B3911 /* SettingsCell.swift in Sources */ = {isa = PBXBuildFile; fileRef = CE08E7CA2C207F2F008B3911 /* SettingsCell.swift */; };
		CE4891162C24266C007201E4 /* OnBoardingView.swift in Sources */ = {isa = PBXBuildFile; fileRef = CE4891152C24266C007201E4 /* OnBoardingView.swift */; };
		CE4891182C24267C007201E4 /* OnBoardingCell.swift in Sources */ = {isa = PBXBuildFile; fileRef = CE4891172C24267C007201E4 /* OnBoardingCell.swift */; };
		CE48911A2C2470B8007201E4 /* ExpensesTabBarController.swift in Sources */ = {isa = PBXBuildFile; fileRef = CE4891192C2470B8007201E4 /* ExpensesTabBarController.swift */; };
		CE48911C2C24711B007201E4 /* ExpensesView.swift in Sources */ = {isa = PBXBuildFile; fileRef = CE48911B2C24711B007201E4 /* ExpensesView.swift */; };
		CE48911E2C247178007201E4 /* IncomesView.swift in Sources */ = {isa = PBXBuildFile; fileRef = CE48911D2C247178007201E4 /* IncomesView.swift */; };
		CE82F5302C2831ED0004679B /* AddCell.swift in Sources */ = {isa = PBXBuildFile; fileRef = CE82F52F2C2831ED0004679B /* AddCell.swift */; };
		CE82F5322C284AB30004679B /* HomeBottomView.swift in Sources */ = {isa = PBXBuildFile; fileRef = CE82F5312C284AB30004679B /* HomeBottomView.swift */; };
/* End PBXBuildFile section */

/* Begin PBXFileReference section */
		CE05B5682C1B28F200A3B97D /* Project26.app */ = {isa = PBXFileReference; explicitFileType = wrapper.application; includeInIndex = 0; path = Project26.app; sourceTree = BUILT_PRODUCTS_DIR; };
		CE05B56B2C1B28F200A3B97D /* AppDelegate.swift */ = {isa = PBXFileReference; lastKnownFileType = sourcecode.swift; path = AppDelegate.swift; sourceTree = "<group>"; };
		CE05B56D2C1B28F200A3B97D /* SceneDelegate.swift */ = {isa = PBXFileReference; lastKnownFileType = sourcecode.swift; path = SceneDelegate.swift; sourceTree = "<group>"; };
		CE05B5742C1B28F500A3B97D /* Assets.xcassets */ = {isa = PBXFileReference; lastKnownFileType = folder.assetcatalog; path = Assets.xcassets; sourceTree = "<group>"; };
		CE05B5772C1B28F500A3B97D /* Base */ = {isa = PBXFileReference; lastKnownFileType = file.storyboard; name = Base; path = Base.lproj/LaunchScreen.storyboard; sourceTree = "<group>"; };
		CE05B5792C1B28F500A3B97D /* Info.plist */ = {isa = PBXFileReference; lastKnownFileType = text.plist.xml; path = Info.plist; sourceTree = "<group>"; };
		CE08E7A92C200D9A008B3911 /* MainTabBar.swift */ = {isa = PBXFileReference; lastKnownFileType = sourcecode.swift; path = MainTabBar.swift; sourceTree = "<group>"; };
		CE08E7AE2C201CFE008B3911 /* MainTabBarController.swift */ = {isa = PBXFileReference; lastKnownFileType = sourcecode.swift; path = MainTabBarController.swift; sourceTree = "<group>"; };
		CE08E7B02C20202A008B3911 /* HomeView.swift */ = {isa = PBXFileReference; lastKnownFileType = sourcecode.swift; path = HomeView.swift; sourceTree = "<group>"; };
		CE08E7B22C2020B0008B3911 /* ExpendsAddView.swift */ = {isa = PBXFileReference; lastKnownFileType = sourcecode.swift; path = ExpendsAddView.swift; sourceTree = "<group>"; };
		CE08E7B42C2020ED008B3911 /* ProfileView.swift */ = {isa = PBXFileReference; lastKnownFileType = sourcecode.swift; path = ProfileView.swift; sourceTree = "<group>"; };
		CE08E7C42C2076E4008B3911 /* SettingsView.swift */ = {isa = PBXFileReference; lastKnownFileType = sourcecode.swift; path = SettingsView.swift; sourceTree = "<group>"; };
		CE08E7C62C20770A008B3911 /* SettingsController.swift */ = {isa = PBXFileReference; lastKnownFileType = sourcecode.swift; path = SettingsController.swift; sourceTree = "<group>"; };
		CE08E7C82C207BD0008B3911 /* SettingsModel.swift */ = {isa = PBXFileReference; lastKnownFileType = sourcecode.swift; path = SettingsModel.swift; sourceTree = "<group>"; };
		CE08E7CA2C207F2F008B3911 /* SettingsCell.swift */ = {isa = PBXFileReference; lastKnownFileType = sourcecode.swift; path = SettingsCell.swift; sourceTree = "<group>"; };
		CE4891152C24266C007201E4 /* OnBoardingView.swift */ = {isa = PBXFileReference; lastKnownFileType = sourcecode.swift; path = OnBoardingView.swift; sourceTree = "<group>"; };
		CE4891172C24267C007201E4 /* OnBoardingCell.swift */ = {isa = PBXFileReference; lastKnownFileType = sourcecode.swift; path = OnBoardingCell.swift; sourceTree = "<group>"; };
		CE4891192C2470B8007201E4 /* ExpensesTabBarController.swift */ = {isa = PBXFileReference; lastKnownFileType = sourcecode.swift; path = ExpensesTabBarController.swift; sourceTree = "<group>"; };
		CE48911B2C24711B007201E4 /* ExpensesView.swift */ = {isa = PBXFileReference; lastKnownFileType = sourcecode.swift; path = ExpensesView.swift; sourceTree = "<group>"; };
		CE48911D2C247178007201E4 /* IncomesView.swift */ = {isa = PBXFileReference; lastKnownFileType = sourcecode.swift; path = IncomesView.swift; sourceTree = "<group>"; };
		CE82F52F2C2831ED0004679B /* AddCell.swift */ = {isa = PBXFileReference; lastKnownFileType = sourcecode.swift; path = AddCell.swift; sourceTree = "<group>"; };
		CE82F5312C284AB30004679B /* HomeBottomView.swift */ = {isa = PBXFileReference; lastKnownFileType = sourcecode.swift; path = HomeBottomView.swift; sourceTree = "<group>"; };
/* End PBXFileReference section */

/* Begin PBXFrameworksBuildPhase section */
		CE05B5652C1B28F200A3B97D /* Frameworks */ = {
			isa = PBXFrameworksBuildPhase;
			buildActionMask = 2147483647;
			files = (
				CE08E7AD2C201501008B3911 /* SnapKit in Frameworks */,
			);
			runOnlyForDeploymentPostprocessing = 0;
		};
/* End PBXFrameworksBuildPhase section */

/* Begin PBXGroup section */
		CE05B55F2C1B28F200A3B97D = {
			isa = PBXGroup;
			children = (
				CE05B56A2C1B28F200A3B97D /* Project26 */,
				CE05B5692C1B28F200A3B97D /* Products */,
			);
			sourceTree = "<group>";
		};
		CE05B5692C1B28F200A3B97D /* Products */ = {
			isa = PBXGroup;
			children = (
				CE05B5682C1B28F200A3B97D /* Project26.app */,
			);
			name = Products;
			sourceTree = "<group>";
		};
		CE05B56A2C1B28F200A3B97D /* Project26 */ = {
			isa = PBXGroup;
			children = (
				CE08E7B62C207041008B3911 /* MVC */,
				CE08E7CF2C21D044008B3911 /* AppDelegate */,
				CE08E7D02C21D066008B3911 /* TabBar */,
				CE05B5742C1B28F500A3B97D /* Assets.xcassets */,
				CE05B5762C1B28F500A3B97D /* LaunchScreen.storyboard */,
				CE05B5792C1B28F500A3B97D /* Info.plist */,
			);
			path = Project26;
			sourceTree = "<group>";
		};
		CE08E7B62C207041008B3911 /* MVC */ = {
			isa = PBXGroup;
			children = (
				CE4891142C242647007201E4 /* OnBoarding */,
				CE08E7B72C20705F008B3911 /* Home */,
				CE08E7C22C20764D008B3911 /* Profile */,
				CE08E7C12C20762D008B3911 /* Expends */,
				CE08E7C32C20767D008B3911 /* Settings */,
			);
			path = MVC;
			sourceTree = "<group>";
		};
		CE08E7B72C20705F008B3911 /* Home */ = {
			isa = PBXGroup;
			children = (
				CE08E7B02C20202A008B3911 /* HomeView.swift */,
				CE82F5312C284AB30004679B /* HomeBottomView.swift */,
			);
			path = Home;
			sourceTree = "<group>";
		};
		CE08E7C12C20762D008B3911 /* Expends */ = {
			isa = PBXGroup;
			children = (
				CE08E7B22C2020B0008B3911 /* ExpendsAddView.swift */,
				CE4891192C2470B8007201E4 /* ExpensesTabBarController.swift */,
				CE48911B2C24711B007201E4 /* ExpensesView.swift */,
				CE48911D2C247178007201E4 /* IncomesView.swift */,
				CE82F52F2C2831ED0004679B /* AddCell.swift */,
			);
			path = Expends;
			sourceTree = "<group>";
		};
		CE08E7C22C20764D008B3911 /* Profile */ = {
			isa = PBXGroup;
			children = (
				CE08E7B42C2020ED008B3911 /* ProfileView.swift */,
			);
			path = Profile;
			sourceTree = "<group>";
		};
		CE08E7C32C20767D008B3911 /* Settings */ = {
			isa = PBXGroup;
			children = (
				CE08E7C42C2076E4008B3911 /* SettingsView.swift */,
				CE08E7C62C20770A008B3911 /* SettingsController.swift */,
				CE08E7C82C207BD0008B3911 /* SettingsModel.swift */,
				CE08E7CA2C207F2F008B3911 /* SettingsCell.swift */,
			);
			path = Settings;
			sourceTree = "<group>";
		};
		CE08E7CF2C21D044008B3911 /* AppDelegate */ = {
			isa = PBXGroup;
			children = (
				CE05B56B2C1B28F200A3B97D /* AppDelegate.swift */,
				CE05B56D2C1B28F200A3B97D /* SceneDelegate.swift */,
			);
			path = AppDelegate;
			sourceTree = "<group>";
		};
		CE08E7D02C21D066008B3911 /* TabBar */ = {
			isa = PBXGroup;
			children = (
				CE08E7A92C200D9A008B3911 /* MainTabBar.swift */,
				CE08E7AE2C201CFE008B3911 /* MainTabBarController.swift */,
			);
			path = TabBar;
			sourceTree = "<group>";
		};
		CE4891142C242647007201E4 /* OnBoarding */ = {
			isa = PBXGroup;
			children = (
				CE4891152C24266C007201E4 /* OnBoardingView.swift */,
				CE4891172C24267C007201E4 /* OnBoardingCell.swift */,
			);
			path = OnBoarding;
			sourceTree = "<group>";
		};
/* End PBXGroup section */

/* Begin PBXNativeTarget section */
		CE05B5672C1B28F200A3B97D /* Project26 */ = {
			isa = PBXNativeTarget;
			buildConfigurationList = CE05B57C2C1B28F500A3B97D /* Build configuration list for PBXNativeTarget "Project26" */;
			buildPhases = (
				CE05B5642C1B28F200A3B97D /* Sources */,
				CE05B5652C1B28F200A3B97D /* Frameworks */,
				CE05B5662C1B28F200A3B97D /* Resources */,
			);
			buildRules = (
			);
			dependencies = (
			);
			name = Project26;
			packageProductDependencies = (
				CE08E7AC2C201501008B3911 /* SnapKit */,
			);
			productName = Project26;
			productReference = CE05B5682C1B28F200A3B97D /* Project26.app */;
			productType = "com.apple.product-type.application";
		};
/* End PBXNativeTarget section */

/* Begin PBXProject section */
		CE05B5602C1B28F200A3B97D /* Project object */ = {
			isa = PBXProject;
			attributes = {
				BuildIndependentTargetsInParallel = 1;
				LastSwiftUpdateCheck = 1520;
				LastUpgradeCheck = 1520;
				TargetAttributes = {
					CE05B5672C1B28F200A3B97D = {
						CreatedOnToolsVersion = 15.2;
					};
				};
			};
			buildConfigurationList = CE05B5632C1B28F200A3B97D /* Build configuration list for PBXProject "Project26" */;
			compatibilityVersion = "Xcode 14.0";
			developmentRegion = en;
			hasScannedForEncodings = 0;
			knownRegions = (
				en,
				Base,
			);
			mainGroup = CE05B55F2C1B28F200A3B97D;
			packageReferences = (
				CE08E7AB2C201501008B3911 /* XCRemoteSwiftPackageReference "SnapKit" */,
			);
			productRefGroup = CE05B5692C1B28F200A3B97D /* Products */;
			projectDirPath = "";
			projectRoot = "";
			targets = (
				CE05B5672C1B28F200A3B97D /* Project26 */,
			);
		};
/* End PBXProject section */

/* Begin PBXResourcesBuildPhase section */
		CE05B5662C1B28F200A3B97D /* Resources */ = {
			isa = PBXResourcesBuildPhase;
			buildActionMask = 2147483647;
			files = (
				CE05B5782C1B28F500A3B97D /* LaunchScreen.storyboard in Resources */,
				CE05B5752C1B28F500A3B97D /* Assets.xcassets in Resources */,
			);
			runOnlyForDeploymentPostprocessing = 0;
		};
/* End PBXResourcesBuildPhase section */

/* Begin PBXSourcesBuildPhase section */
		CE05B5642C1B28F200A3B97D /* Sources */ = {
			isa = PBXSourcesBuildPhase;
			buildActionMask = 2147483647;
			files = (
				CE82F5322C284AB30004679B /* HomeBottomView.swift in Sources */,
				CE08E7C72C20770A008B3911 /* SettingsController.swift in Sources */,
				CE05B56C2C1B28F200A3B97D /* AppDelegate.swift in Sources */,
				CE08E7C52C2076E4008B3911 /* SettingsView.swift in Sources */,
				CE82F5302C2831ED0004679B /* AddCell.swift in Sources */,
				CE08E7AF2C201CFE008B3911 /* MainTabBarController.swift in Sources */,
				CE08E7AA2C200D9A008B3911 /* MainTabBar.swift in Sources */,
				CE48911E2C247178007201E4 /* IncomesView.swift in Sources */,
				CE08E7B12C20202A008B3911 /* HomeView.swift in Sources */,
				CE4891182C24267C007201E4 /* OnBoardingCell.swift in Sources */,
				CE08E7C92C207BD0008B3911 /* SettingsModel.swift in Sources */,
				CE08E7B32C2020B0008B3911 /* ExpendsAddView.swift in Sources */,
				CE08E7B52C2020ED008B3911 /* ProfileView.swift in Sources */,
				CE4891162C24266C007201E4 /* OnBoardingView.swift in Sources */,
				CE05B56E2C1B28F200A3B97D /* SceneDelegate.swift in Sources */,
				CE48911A2C2470B8007201E4 /* ExpensesTabBarController.swift in Sources */,
				CE48911C2C24711B007201E4 /* ExpensesView.swift in Sources */,
				CE08E7CB2C207F2F008B3911 /* SettingsCell.swift in Sources */,
			);
			runOnlyForDeploymentPostprocessing = 0;
		};
/* End PBXSourcesBuildPhase section */

/* Begin PBXVariantGroup section */
		CE05B5762C1B28F500A3B97D /* LaunchScreen.storyboard */ = {
			isa = PBXVariantGroup;
			children = (
				CE05B5772C1B28F500A3B97D /* Base */,
			);
			name = LaunchScreen.storyboard;
			sourceTree = "<group>";
		};
/* End PBXVariantGroup section */

/* Begin XCBuildConfiguration section */
		CE05B57A2C1B28F500A3B97D /* Debug */ = {
			isa = XCBuildConfiguration;
			buildSettings = {
				ALWAYS_SEARCH_USER_PATHS = NO;
				ASSETCATALOG_COMPILER_GENERATE_SWIFT_ASSET_SYMBOL_EXTENSIONS = YES;
				CLANG_ANALYZER_NONNULL = YES;
				CLANG_ANALYZER_NUMBER_OBJECT_CONVERSION = YES_AGGRESSIVE;
				CLANG_CXX_LANGUAGE_STANDARD = "gnu++20";
				CLANG_ENABLE_MODULES = YES;
				CLANG_ENABLE_OBJC_ARC = YES;
				CLANG_ENABLE_OBJC_WEAK = YES;
				CLANG_WARN_BLOCK_CAPTURE_AUTORELEASING = YES;
				CLANG_WARN_BOOL_CONVERSION = YES;
				CLANG_WARN_COMMA = YES;
				CLANG_WARN_CONSTANT_CONVERSION = YES;
				CLANG_WARN_DEPRECATED_OBJC_IMPLEMENTATIONS = YES;
				CLANG_WARN_DIRECT_OBJC_ISA_USAGE = YES_ERROR;
				CLANG_WARN_DOCUMENTATION_COMMENTS = YES;
				CLANG_WARN_EMPTY_BODY = YES;
				CLANG_WARN_ENUM_CONVERSION = YES;
				CLANG_WARN_INFINITE_RECURSION = YES;
				CLANG_WARN_INT_CONVERSION = YES;
				CLANG_WARN_NON_LITERAL_NULL_CONVERSION = YES;
				CLANG_WARN_OBJC_IMPLICIT_RETAIN_SELF = YES;
				CLANG_WARN_OBJC_LITERAL_CONVERSION = YES;
				CLANG_WARN_OBJC_ROOT_CLASS = YES_ERROR;
				CLANG_WARN_QUOTED_INCLUDE_IN_FRAMEWORK_HEADER = YES;
				CLANG_WARN_RANGE_LOOP_ANALYSIS = YES;
				CLANG_WARN_STRICT_PROTOTYPES = YES;
				CLANG_WARN_SUSPICIOUS_MOVE = YES;
				CLANG_WARN_UNGUARDED_AVAILABILITY = YES_AGGRESSIVE;
				CLANG_WARN_UNREACHABLE_CODE = YES;
				CLANG_WARN__DUPLICATE_METHOD_MATCH = YES;
				COPY_PHASE_STRIP = NO;
				DEBUG_INFORMATION_FORMAT = dwarf;
				ENABLE_STRICT_OBJC_MSGSEND = YES;
				ENABLE_TESTABILITY = YES;
				ENABLE_USER_SCRIPT_SANDBOXING = YES;
				GCC_C_LANGUAGE_STANDARD = gnu17;
				GCC_DYNAMIC_NO_PIC = NO;
				GCC_NO_COMMON_BLOCKS = YES;
				GCC_OPTIMIZATION_LEVEL = 0;
				GCC_PREPROCESSOR_DEFINITIONS = (
					"DEBUG=1",
					"$(inherited)",
				);
				GCC_WARN_64_TO_32_BIT_CONVERSION = YES;
				GCC_WARN_ABOUT_RETURN_TYPE = YES_ERROR;
				GCC_WARN_UNDECLARED_SELECTOR = YES;
				GCC_WARN_UNINITIALIZED_AUTOS = YES_AGGRESSIVE;
				GCC_WARN_UNUSED_FUNCTION = YES;
				GCC_WARN_UNUSED_VARIABLE = YES;
				IPHONEOS_DEPLOYMENT_TARGET = 17.2;
				LOCALIZATION_PREFERS_STRING_CATALOGS = YES;
				MTL_ENABLE_DEBUG_INFO = INCLUDE_SOURCE;
				MTL_FAST_MATH = YES;
				ONLY_ACTIVE_ARCH = YES;
				SDKROOT = iphoneos;
				SWIFT_ACTIVE_COMPILATION_CONDITIONS = "DEBUG $(inherited)";
				SWIFT_OPTIMIZATION_LEVEL = "-Onone";
			};
			name = Debug;
		};
		CE05B57B2C1B28F500A3B97D /* Release */ = {
			isa = XCBuildConfiguration;
			buildSettings = {
				ALWAYS_SEARCH_USER_PATHS = NO;
				ASSETCATALOG_COMPILER_GENERATE_SWIFT_ASSET_SYMBOL_EXTENSIONS = YES;
				CLANG_ANALYZER_NONNULL = YES;
				CLANG_ANALYZER_NUMBER_OBJECT_CONVERSION = YES_AGGRESSIVE;
				CLANG_CXX_LANGUAGE_STANDARD = "gnu++20";
				CLANG_ENABLE_MODULES = YES;
				CLANG_ENABLE_OBJC_ARC = YES;
				CLANG_ENABLE_OBJC_WEAK = YES;
				CLANG_WARN_BLOCK_CAPTURE_AUTORELEASING = YES;
				CLANG_WARN_BOOL_CONVERSION = YES;
				CLANG_WARN_COMMA = YES;
				CLANG_WARN_CONSTANT_CONVERSION = YES;
				CLANG_WARN_DEPRECATED_OBJC_IMPLEMENTATIONS = YES;
				CLANG_WARN_DIRECT_OBJC_ISA_USAGE = YES_ERROR;
				CLANG_WARN_DOCUMENTATION_COMMENTS = YES;
				CLANG_WARN_EMPTY_BODY = YES;
				CLANG_WARN_ENUM_CONVERSION = YES;
				CLANG_WARN_INFINITE_RECURSION = YES;
				CLANG_WARN_INT_CONVERSION = YES;
				CLANG_WARN_NON_LITERAL_NULL_CONVERSION = YES;
				CLANG_WARN_OBJC_IMPLICIT_RETAIN_SELF = YES;
				CLANG_WARN_OBJC_LITERAL_CONVERSION = YES;
				CLANG_WARN_OBJC_ROOT_CLASS = YES_ERROR;
				CLANG_WARN_QUOTED_INCLUDE_IN_FRAMEWORK_HEADER = YES;
				CLANG_WARN_RANGE_LOOP_ANALYSIS = YES;
				CLANG_WARN_STRICT_PROTOTYPES = YES;
				CLANG_WARN_SUSPICIOUS_MOVE = YES;
				CLANG_WARN_UNGUARDED_AVAILABILITY = YES_AGGRESSIVE;
				CLANG_WARN_UNREACHABLE_CODE = YES;
				CLANG_WARN__DUPLICATE_METHOD_MATCH = YES;
				COPY_PHASE_STRIP = NO;
				DEBUG_INFORMATION_FORMAT = "dwarf-with-dsym";
				ENABLE_NS_ASSERTIONS = NO;
				ENABLE_STRICT_OBJC_MSGSEND = YES;
				ENABLE_USER_SCRIPT_SANDBOXING = YES;
				GCC_C_LANGUAGE_STANDARD = gnu17;
				GCC_NO_COMMON_BLOCKS = YES;
				GCC_WARN_64_TO_32_BIT_CONVERSION = YES;
				GCC_WARN_ABOUT_RETURN_TYPE = YES_ERROR;
				GCC_WARN_UNDECLARED_SELECTOR = YES;
				GCC_WARN_UNINITIALIZED_AUTOS = YES_AGGRESSIVE;
				GCC_WARN_UNUSED_FUNCTION = YES;
				GCC_WARN_UNUSED_VARIABLE = YES;
				IPHONEOS_DEPLOYMENT_TARGET = 17.2;
				LOCALIZATION_PREFERS_STRING_CATALOGS = YES;
				MTL_ENABLE_DEBUG_INFO = NO;
				MTL_FAST_MATH = YES;
				SDKROOT = iphoneos;
				SWIFT_COMPILATION_MODE = wholemodule;
				VALIDATE_PRODUCT = YES;
			};
			name = Release;
		};
		CE05B57D2C1B28F500A3B97D /* Debug */ = {
			isa = XCBuildConfiguration;
			buildSettings = {
				ASSETCATALOG_COMPILER_APPICON_NAME = AppIcon;
				ASSETCATALOG_COMPILER_GLOBAL_ACCENT_COLOR_NAME = AccentColor;
				CODE_SIGN_STYLE = Automatic;
				CURRENT_PROJECT_VERSION = 1;
				DEVELOPMENT_TEAM = 4T659T854N;
				GENERATE_INFOPLIST_FILE = YES;
				INFOPLIST_FILE = Project26/Info.plist;
				INFOPLIST_KEY_UIApplicationSupportsIndirectInputEvents = YES;
				INFOPLIST_KEY_UILaunchStoryboardName = LaunchScreen;
				INFOPLIST_KEY_UISupportedInterfaceOrientations_iPad = "UIInterfaceOrientationPortrait UIInterfaceOrientationPortraitUpsideDown UIInterfaceOrientationLandscapeLeft UIInterfaceOrientationLandscapeRight";
				INFOPLIST_KEY_UISupportedInterfaceOrientations_iPhone = "UIInterfaceOrientationPortrait UIInterfaceOrientationLandscapeLeft UIInterfaceOrientationLandscapeRight";
				IPHONEOS_DEPLOYMENT_TARGET = 15.0;
				LD_RUNPATH_SEARCH_PATHS = (
					"$(inherited)",
					"@executable_path/Frameworks",
				);
				MARKETING_VERSION = 1.0;
				PRODUCT_BUNDLE_IDENTIFIER = com.example.Project26;
				PRODUCT_NAME = "$(TARGET_NAME)";
				SWIFT_EMIT_LOC_STRINGS = YES;
				SWIFT_VERSION = 5.0;
				TARGETED_DEVICE_FAMILY = "1,2";
			};
			name = Debug;
		};
		CE05B57E2C1B28F500A3B97D /* Release */ = {
			isa = XCBuildConfiguration;
			buildSettings = {
				ASSETCATALOG_COMPILER_APPICON_NAME = AppIcon;
				ASSETCATALOG_COMPILER_GLOBAL_ACCENT_COLOR_NAME = AccentColor;
				CODE_SIGN_STYLE = Automatic;
				CURRENT_PROJECT_VERSION = 1;
				DEVELOPMENT_TEAM = 4T659T854N;
				GENERATE_INFOPLIST_FILE = YES;
				INFOPLIST_FILE = Project26/Info.plist;
				INFOPLIST_KEY_UIApplicationSupportsIndirectInputEvents = YES;
				INFOPLIST_KEY_UILaunchStoryboardName = LaunchScreen;
				INFOPLIST_KEY_UISupportedInterfaceOrientations_iPad = "UIInterfaceOrientationPortrait UIInterfaceOrientationPortraitUpsideDown UIInterfaceOrientationLandscapeLeft UIInterfaceOrientationLandscapeRight";
				INFOPLIST_KEY_UISupportedInterfaceOrientations_iPhone = "UIInterfaceOrientationPortrait UIInterfaceOrientationLandscapeLeft UIInterfaceOrientationLandscapeRight";
				IPHONEOS_DEPLOYMENT_TARGET = 15.0;
				LD_RUNPATH_SEARCH_PATHS = (
					"$(inherited)",
					"@executable_path/Frameworks",
				);
				MARKETING_VERSION = 1.0;
				PRODUCT_BUNDLE_IDENTIFIER = com.example.Project26;
				PRODUCT_NAME = "$(TARGET_NAME)";
				SWIFT_EMIT_LOC_STRINGS = YES;
				SWIFT_VERSION = 5.0;
				TARGETED_DEVICE_FAMILY = "1,2";
			};
			name = Release;
		};
/* End XCBuildConfiguration section */

/* Begin XCConfigurationList section */
		CE05B5632C1B28F200A3B97D /* Build configuration list for PBXProject "Project26" */ = {
			isa = XCConfigurationList;
			buildConfigurations = (
				CE05B57A2C1B28F500A3B97D /* Debug */,
				CE05B57B2C1B28F500A3B97D /* Release */,
			);
			defaultConfigurationIsVisible = 0;
			defaultConfigurationName = Release;
		};
		CE05B57C2C1B28F500A3B97D /* Build configuration list for PBXNativeTarget "Project26" */ = {
			isa = XCConfigurationList;
			buildConfigurations = (
				CE05B57D2C1B28F500A3B97D /* Debug */,
				CE05B57E2C1B28F500A3B97D /* Release */,
			);
			defaultConfigurationIsVisible = 0;
			defaultConfigurationName = Release;
		};
/* End XCConfigurationList section */

/* Begin XCRemoteSwiftPackageReference section */
		CE08E7AB2C201501008B3911 /* XCRemoteSwiftPackageReference "SnapKit" */ = {
			isa = XCRemoteSwiftPackageReference;
			repositoryURL = "https://github.com/SnapKit/SnapKit.git";
			requirement = {
				kind = upToNextMajorVersion;
				minimumVersion = 5.7.1;
			};
		};
/* End XCRemoteSwiftPackageReference section */

/* Begin XCSwiftPackageProductDependency section */
		CE08E7AC2C201501008B3911 /* SnapKit */ = {
			isa = XCSwiftPackageProductDependency;
			package = CE08E7AB2C201501008B3911 /* XCRemoteSwiftPackageReference "SnapKit" */;
			productName = SnapKit;
		};
/* End XCSwiftPackageProductDependency section */
	};
	rootObject = CE05B5602C1B28F200A3B97D /* Project object */;
}
